
Microsoft Visual Studio Solution File, Format Version 12.00
# Visual Studio Version 17
VisualStudioVersion = 17.12.35707.178 d17.12
MinimumVisualStudioVersion = 10.0.40219.1
Project("{FAE04EC0-301F-11D3-BF4B-00C04F79EFBC}") = "UESAN.Ecommerce.API", "UESAN.Ecommerce.API\UESAN.Ecommerce.API.csproj", "{C01B2318-F398-45E7-86D1-86A651074FD0}"
EndProject
Project("{FAE04EC0-301F-11D3-BF4B-00C04F79EFBC}") = "UESAN.Ecommerce.CORE", "UESAN.Ecommerce.CORE\UESAN.Ecommerce.CORE.csproj", "{18BB511C-2CE7-4C7F-A4E4-78385B5EFCC4}"
EndProject
Global
	GlobalSection(SolutionConfigurationPlatforms) = preSolution
		Debug|Any CPU = Debug|Any CPU
		Release|Any CPU = Release|Any CPU
	EndGlobalSection
	GlobalSection(ProjectConfigurationPlatforms) = postSolution
		{C01B2318-F398-45E7-86D1-86A651074FD0}.Debug|Any CPU.ActiveCfg = Debug|Any CPU
		{C01B2318-F398-45E7-86D1-86A651074FD0}.Debug|Any CPU.Build.0 = Debug|Any CPU
		{C01B2318-F398-45E7-86D1-86A651074FD0}.Release|Any CPU.ActiveCfg = Release|Any CPU
		{C01B2318-F398-45E7-86D1-86A651074FD0}.Release|Any CPU.Build.0 = Release|Any CPU
		{18BB511C-2CE7-4C7F-A4E4-78385B5EFCC4}.Debug|Any CPU.ActiveCfg = Debug|Any CPU
		{18BB511C-2CE7-4C7F-A4E4-78385B5EFCC4}.Debug|Any CPU.Build.0 = Debug|Any CPU
		{18BB511C-2CE7-4C7F-A4E4-78385B5EFCC4}.Release|Any CPU.ActiveCfg = Release|Any CPU
		{18BB511C-2CE7-4C7F-A4E4-78385B5EFCC4}.Release|Any CPU.Build.0 = Release|Any CPU
	EndGlobalSection
	GlobalSection(SolutionProperties) = preSolution
		HideSolutionNode = FALSE
	EndGlobalSection
EndGlobal
